PODS:
  - AFNetworking (3.1.0):
    - AFNetworking/NSURLSession (= 3.1.0)
    - AFNetworking/Reachability (= 3.1.0)
    - AFNetworking/Security (= 3.1.0)
    - AFNetworking/Serialization (= 3.1.0)
    - AFNetworking/UIKit (= 3.1.0)
  - AFNetworking/NSURLSession (3.1.0):
    - AFNetworking/Reachability
    - AFNetworking/Security
    - AFNetworking/Serialization
  - AFNetworking/Reachability (3.1.0)
  - AFNetworking/Security (3.1.0)
  - AFNetworking/Serialization (3.1.0)
  - AFNetworking/UIKit (3.1.0):
    - AFNetworking/NSURLSession
  - BaiduMapKit (3.3.2)
  - Masonry (1.0.2)
  - MBProgressHUD (1.0.0)
  - UICKeyChainStore (2.1.1)
  - UMengAnalytics (4.2.4)
  - UMengUShare/Core (6.4.4):
    - UMengUShare/Network
  - UMengUShare/Network (6.4.4)
  - UMengUShare/Social/ReducedQQ (6.4.4):
    - UMengUShare/Core
  - UMengUShare/Social/ReducedSina (6.4.4):
    - UMengUShare/Core
  - UMengUShare/Social/ReducedWeChat (6.4.4):
    - UMengUShare/Core

DEPENDENCIES:
  - AFNetworking
  - BaiduMapKit
  - Masonry
  - MBProgressHUD
  - UICKeyChainStore
  - UMengAnalytics
  - UMengUShare/Social/ReducedQQ
  - UMengUShare/Social/ReducedSina
  - UMengUShare/Social/ReducedWeChat

SPEC CHECKSUMS:
  AFNetworking: 5e0e199f73d8626b11e79750991f5d173d1f8b67
  BaiduMapKit: 5118390d63b375483bd64c963e8e32a40fd9ddb5
  Masonry: 7c429b56da9d4ee0bbb3ed77a5ea710d6a5df39e
  MBProgressHUD: 4890f671c94e8a0f3cf959aa731e9de2f036d71a
  UICKeyChainStore: 239558492fa260531a0774cfc611ea83a6eaff3a
  UMengAnalytics: ef8d45f94c0e5771dc364cf6a5731d9d3b101da2
  UMengUShare: cd54ae52958426b79aa9193a7b02058d6a6d9aa0

PODFILE CHECKSUM: 5bf76873040992f3cfdfa664803bd22b2caf1f63

COCOAPODS: 1.2.0.rc.1
